
Microsoft Visual Studio Solution File, Format Version 12.00
# Visual Studio Version 18
VisualStudioVersion = 18.2.11430.68 d18.0
MinimumVisualStudioVersion = 10.0.40219.1
Project("{2150E333-8FDC-42A3-9474-1A3956D46DE8}") = "src", "src", "{827E0CD3-B72D-47B6-A68D-7590B98EB39B}"
EndProject
Project("{FAE04EC0-301F-11D3-BF4B-00C04F79EFBC}") = "UrlShortener.Domain", "src\UrlShortener.Domain\UrlShortener.Domain.csproj", "{A340D7A2-B83E-4DFF-BA83-BF91EA87A766}"
EndProject
Project("{FAE04EC0-301F-11D3-BF4B-00C04F79EFBC}") = "UrlShortener.Application", "src\UrlShortener.Application\UrlShortener.Application.csproj", "{501666AF-301A-4B46-BC0B-B57E9DB554DC}"
EndProject
Project("{FAE04EC0-301F-11D3-BF4B-00C04F79EFBC}") = "UrlShortener.Infrastructure", "src\UrlShortener.Infrastructure\UrlShortener.Infrastructure.csproj", "{B9C2DD10-5ED2-4FEC-9C89-41D350684D2C}"
EndProject
Project("{FAE04EC0-301F-11D3-BF4B-00C04F79EFBC}") = "UrlShortener.Persistence", "src\UrlShortener.Persistence\UrlShortener.Persistence.csproj", "{B1BB7C35-B32D-4F49-A0D1-F3BAE908D264}"
EndProject
Project("{FAE04EC0-301F-11D3-BF4B-00C04F79EFBC}") = "UrlShortener.API", "src\UrlShortener.API\UrlShortener.API.csproj", "{C66326AB-5968-4628-B303-223E83A4AE89}"
EndProject
Project("{2150E333-8FDC-42A3-9474-1A3956D46DE8}") = "tests", "tests", "{0AB3BF05-4346-4AA6-1389-037BE0695223}"
EndProject
Project("{FAE04EC0-301F-11D3-BF4B-00C04F79EFBC}") = "UrlShortener.UnitTests", "tests\UrlShortener.UnitTests\UrlShortener.UnitTests.csproj", "{26CE69DB-F9C8-4F52-A8EB-F1EE40946F59}"
EndProject
Project("{FAE04EC0-301F-11D3-BF4B-00C04F79EFBC}") = "UrlShortener.IntegrationTests", "tests\UrlShortener.IntegrationTests\UrlShortener.IntegrationTests.csproj", "{E09D6B2D-9F3A-4199-A5A4-B2525CD7AE22}"
EndProject
Global
	GlobalSection(SolutionConfigurationPlatforms) = preSolution
		Debug|Any CPU = Debug|Any CPU
		Debug|x64 = Debug|x64
		Debug|x86 = Debug|x86
		Release|Any CPU = Release|Any CPU
		Release|x64 = Release|x64
		Release|x86 = Release|x86
	EndGlobalSection
	GlobalSection(ProjectConfigurationPlatforms) = postSolution
		{A340D7A2-B83E-4DFF-BA83-BF91EA87A766}.Debug|Any CPU.ActiveCfg = Debug|Any CPU
		{A340D7A2-B83E-4DFF-BA83-BF91EA87A766}.Debug|Any CPU.Build.0 = Debug|Any CPU
		{A340D7A2-B83E-4DFF-BA83-BF91EA87A766}.Debug|x64.ActiveCfg = Debug|Any CPU
		{A340D7A2-B83E-4DFF-BA83-BF91EA87A766}.Debug|x64.Build.0 = Debug|Any CPU
		{A340D7A2-B83E-4DFF-BA83-BF91EA87A766}.Debug|x86.ActiveCfg = Debug|Any CPU
		{A340D7A2-B83E-4DFF-BA83-BF91EA87A766}.Debug|x86.Build.0 = Debug|Any CPU
		{A340D7A2-B83E-4DFF-BA83-BF91EA87A766}.Release|Any CPU.ActiveCfg = Release|Any CPU
		{A340D7A2-B83E-4DFF-BA83-BF91EA87A766}.Release|Any CPU.Build.0 = Release|Any CPU
		{A340D7A2-B83E-4DFF-BA83-BF91EA87A766}.Release|x64.ActiveCfg = Release|Any CPU
		{A340D7A2-B83E-4DFF-BA83-BF91EA87A766}.Release|x64.Build.0 = Release|Any CPU
		{A340D7A2-B83E-4DFF-BA83-BF91EA87A766}.Release|x86.ActiveCfg = Release|Any CPU
		{A340D7A2-B83E-4DFF-BA83-BF91EA87A766}.Release|x86.Build.0 = Release|Any CPU
		{501666AF-301A-4B46-BC0B-B57E9DB554DC}.Debug|Any CPU.ActiveCfg = Debug|Any CPU
		{501666AF-301A-4B46-BC0B-B57E9DB554DC}.Debug|Any CPU.Build.0 = Debug|Any CPU
		{501666AF-301A-4B46-BC0B-B57E9DB554DC}.Debug|x64.ActiveCfg = Debug|Any CPU
		{501666AF-301A-4B46-BC0B-B57E9DB554DC}.Debug|x64.Build.0 = Debug|Any CPU
		{501666AF-301A-4B46-BC0B-B57E9DB554DC}.Debug|x86.ActiveCfg = Debug|Any CPU
		{501666AF-301A-4B46-BC0B-B57E9DB554DC}.Debug|x86.Build.0 = Debug|Any CPU
		{501666AF-301A-4B46-BC0B-B57E9DB554DC}.Release|Any CPU.ActiveCfg = Release|Any CPU
		{501666AF-301A-4B46-BC0B-B57E9DB554DC}.Release|Any CPU.Build.0 = Release|Any CPU
		{501666AF-301A-4B46-BC0B-B57E9DB554DC}.Release|x64.ActiveCfg = Release|Any CPU
		{501666AF-301A-4B46-BC0B-B57E9DB554DC}.Release|x64.Build.0 = Release|Any CPU
		{501666AF-301A-4B46-BC0B-B57E9DB554DC}.Release|x86.ActiveCfg = Release|Any CPU
		{501666AF-301A-4B46-BC0B-B57E9DB554DC}.Release|x86.Build.0 = Release|Any CPU
		{B9C2DD10-5ED2-4FEC-9C89-41D350684D2C}.Debug|Any CPU.ActiveCfg = Debug|Any CPU
		{B9C2DD10-5ED2-4FEC-9C89-41D350684D2C}.Debug|Any CPU.Build.0 = Debug|Any CPU
		{B9C2DD10-5ED2-4FEC-9C89-41D350684D2C}.Debug|x64.ActiveCfg = Debug|Any CPU
		{B9C2DD10-5ED2-4FEC-9C89-41D350684D2C}.Debug|x64.Build.0 = Debug|Any CPU
		{B9C2DD10-5ED2-4FEC-9C89-41D350684D2C}.Debug|x86.ActiveCfg = Debug|Any CPU
		{B9C2DD10-5ED2-4FEC-9C89-41D350684D2C}.Debug|x86.Build.0 = Debug|Any CPU
		{B9C2DD10-5ED2-4FEC-9C89-41D350684D2C}.Release|Any CPU.ActiveCfg = Release|Any CPU
		{B9C2DD10-5ED2-4FEC-9C89-41D350684D2C}.Release|Any CPU.Build.0 = Release|Any CPU
		{B9C2DD10-5ED2-4FEC-9C89-41D350684D2C}.Release|x64.ActiveCfg = Release|Any CPU
		{B9C2DD10-5ED2-4FEC-9C89-41D350684D2C}.Release|x64.Build.0 = Release|Any CPU
		{B9C2DD10-5ED2-4FEC-9C89-41D350684D2C}.Release|x86.ActiveCfg = Release|Any CPU
		{B9C2DD10-5ED2-4FEC-9C89-41D350684D2C}.Release|x86.Build.0 = Release|Any CPU
		{B1BB7C35-B32D-4F49-A0D1-F3BAE908D264}.Debug|Any CPU.ActiveCfg = Debug|Any CPU
		{B1BB7C35-B32D-4F49-A0D1-F3BAE908D264}.Debug|Any CPU.Build.0 = Debug|Any CPU
		{B1BB7C35-B32D-4F49-A0D1-F3BAE908D264}.Debug|x64.ActiveCfg = Debug|Any CPU
		{B1BB7C35-B32D-4F49-A0D1-F3BAE908D264}.Debug|x64.Build.0 = Debug|Any CPU
		{B1BB7C35-B32D-4F49-A0D1-F3BAE908D264}.Debug|x86.ActiveCfg = Debug|Any CPU
		{B1BB7C35-B32D-4F49-A0D1-F3BAE908D264}.Debug|x86.Build.0 = Debug|Any CPU
		{B1BB7C35-B32D-4F49-A0D1-F3BAE908D264}.Release|Any CPU.ActiveCfg = Release|Any CPU
		{B1BB7C35-B32D-4F49-A0D1-F3BAE908D264}.Release|Any CPU.Build.0 = Release|Any CPU
		{B1BB7C35-B32D-4F49-A0D1-F3BAE908D264}.Release|x64.ActiveCfg = Release|Any CPU
		{B1BB7C35-B32D-4F49-A0D1-F3BAE908D264}.Release|x64.Build.0 = Release|Any CPU
		{B1BB7C35-B32D-4F49-A0D1-F3BAE908D264}.Release|x86.ActiveCfg = Release|Any CPU
		{B1BB7C35-B32D-4F49-A0D1-F3BAE908D264}.Release|x86.Build.0 = Release|Any CPU
		{C66326AB-5968-4628-B303-223E83A4AE89}.Debug|Any CPU.ActiveCfg = Debug|Any CPU
		{C66326AB-5968-4628-B303-223E83A4AE89}.Debug|Any CPU.Build.0 = Debug|Any CPU
		{C66326AB-5968-4628-B303-223E83A4AE89}.Debug|x64.ActiveCfg = Debug|Any CPU
		{C66326AB-5968-4628-B303-223E83A4AE89}.Debug|x64.Build.0 = Debug|Any CPU
		{C66326AB-5968-4628-B303-223E83A4AE89}.Debug|x86.ActiveCfg = Debug|Any CPU
		{C66326AB-5968-4628-B303-223E83A4AE89}.Debug|x86.Build.0 = Debug|Any CPU
		{C66326AB-5968-4628-B303-223E83A4AE89}.Release|Any CPU.ActiveCfg = Release|Any CPU
		{C66326AB-5968-4628-B303-223E83A4AE89}.Release|Any CPU.Build.0 = Release|Any CPU
		{C66326AB-5968-4628-B303-223E83A4AE89}.Release|x64.ActiveCfg = Release|Any CPU
		{C66326AB-5968-4628-B303-223E83A4AE89}.Release|x64.Build.0 = Release|Any CPU
		{C66326AB-5968-4628-B303-223E83A4AE89}.Release|x86.ActiveCfg = Release|Any CPU
		{C66326AB-5968-4628-B303-223E83A4AE89}.Release|x86.Build.0 = Release|Any CPU
		{26CE69DB-F9C8-4F52-A8EB-F1EE40946F59}.Debug|Any CPU.ActiveCfg = Debug|Any CPU
		{26CE69DB-F9C8-4F52-A8EB-F1EE40946F59}.Debug|Any CPU.Build.0 = Debug|Any CPU
		{26CE69DB-F9C8-4F52-A8EB-F1EE40946F59}.Debug|x64.ActiveCfg = Debug|Any CPU
		{26CE69DB-F9C8-4F52-A8EB-F1EE40946F59}.Debug|x64.Build.0 = Debug|Any CPU
		{26CE69DB-F9C8-4F52-A8EB-F1EE40946F59}.Debug|x86.ActiveCfg = Debug|Any CPU
		{26CE69DB-F9C8-4F52-A8EB-F1EE40946F59}.Debug|x86.Build.0 = Debug|Any CPU
		{26CE69DB-F9C8-4F52-A8EB-F1EE40946F59}.Release|Any CPU.ActiveCfg = Release|Any CPU
		{26CE69DB-F9C8-4F52-A8EB-F1EE40946F59}.Release|Any CPU.Build.0 = Release|Any CPU
		{26CE69DB-F9C8-4F52-A8EB-F1EE40946F59}.Release|x64.ActiveCfg = Release|Any CPU
		{26CE69DB-F9C8-4F52-A8EB-F1EE40946F59}.Release|x64.Build.0 = Release|Any CPU
		{26CE69DB-F9C8-4F52-A8EB-F1EE40946F59}.Release|x86.ActiveCfg = Release|Any CPU
		{26CE69DB-F9C8-4F52-A8EB-F1EE40946F59}.Release|x86.Build.0 = Release|Any CPU
		{E09D6B2D-9F3A-4199-A5A4-B2525CD7AE22}.Debug|Any CPU.ActiveCfg = Debug|Any CPU
		{E09D6B2D-9F3A-4199-A5A4-B2525CD7AE22}.Debug|Any CPU.Build.0 = Debug|Any CPU
		{E09D6B2D-9F3A-4199-A5A4-B2525CD7AE22}.Debug|x64.ActiveCfg = Debug|Any CPU
		{E09D6B2D-9F3A-4199-A5A4-B2525CD7AE22}.Debug|x64.Build.0 = Debug|Any CPU
		{E09D6B2D-9F3A-4199-A5A4-B2525CD7AE22}.Debug|x86.ActiveCfg = Debug|Any CPU
		{E09D6B2D-9F3A-4199-A5A4-B2525CD7AE22}.Debug|x86.Build.0 = Debug|Any CPU
		{E09D6B2D-9F3A-4199-A5A4-B2525CD7AE22}.Release|Any CPU.ActiveCfg = Release|Any CPU
		{E09D6B2D-9F3A-4199-A5A4-B2525CD7AE22}.Release|Any CPU.Build.0 = Release|Any CPU
		{E09D6B2D-9F3A-4199-A5A4-B2525CD7AE22}.Release|x64.ActiveCfg = Release|Any CPU
		{E09D6B2D-9F3A-4199-A5A4-B2525CD7AE22}.Release|x64.Build.0 = Release|Any CPU
		{E09D6B2D-9F3A-4199-A5A4-B2525CD7AE22}.Release|x86.ActiveCfg = Release|Any CPU
		{E09D6B2D-9F3A-4199-A5A4-B2525CD7AE22}.Release|x86.Build.0 = Release|Any CPU
	EndGlobalSection
	GlobalSection(SolutionProperties) = preSolution
		HideSolutionNode = FALSE
	EndGlobalSection
	GlobalSection(NestedProjects) = preSolution
		{A340D7A2-B83E-4DFF-BA83-BF91EA87A766} = {827E0CD3-B72D-47B6-A68D-7590B98EB39B}
		{501666AF-301A-4B46-BC0B-B57E9DB554DC} = {827E0CD3-B72D-47B6-A68D-7590B98EB39B}
		{B9C2DD10-5ED2-4FEC-9C89-41D350684D2C} = {827E0CD3-B72D-47B6-A68D-7590B98EB39B}
		{B1BB7C35-B32D-4F49-A0D1-F3BAE908D264} = {827E0CD3-B72D-47B6-A68D-7590B98EB39B}
		{C66326AB-5968-4628-B303-223E83A4AE89} = {827E0CD3-B72D-47B6-A68D-7590B98EB39B}
		{26CE69DB-F9C8-4F52-A8EB-F1EE40946F59} = {0AB3BF05-4346-4AA6-1389-037BE0695223}
		{E09D6B2D-9F3A-4199-A5A4-B2525CD7AE22} = {0AB3BF05-4346-4AA6-1389-037BE0695223}
	EndGlobalSection
	GlobalSection(ExtensibilityGlobals) = postSolution
		SolutionGuid = {28ACB8D1-9220-4AE1-8231-D3B3157ECEF2}
	EndGlobalSection
EndGlobal
